
Microsoft Visual Studio Solution File, Format Version 12.00
# Visual Studio 15
VisualStudioVersion = 15.0.26228.9
MinimumVisualStudioVersion = 10.0.40219.1
Project("{D2ABAB84-BF74-430A-B69E-9DC6D40DDA17}") = "SSAS-basic-model", "SSAS-basic-model\SSAS-basic-model.dwproj", "{38226EC7-F2C0-41AC-9919-D94A4C0B5075}"
EndProject
Global
	GlobalSection(SolutionConfigurationPlatforms) = preSolution
		Development|Default = Development|Default
	EndGlobalSection
	GlobalSection(ProjectConfigurationPlatforms) = postSolution
		{38226EC7-F2C0-41AC-9919-D94A4C0B5075}.Development|Default.ActiveCfg = Development
		{38226EC7-F2C0-41AC-9919-D94A4C0B5075}.Development|Default.Build.0 = Development
		{38226EC7-F2C0-41AC-9919-D94A4C0B5075}.Development|Default.Deploy.0 = Development
	EndGlobalSection
	GlobalSection(SolutionProperties) = preSolution
		HideSolutionNode = FALSE
	EndGlobalSection
EndGlobal
